
Microsoft Visual Studio Solution File, Format Version 12.00
# Visual Studio 15
VisualStudioVersion = 15.0.26124.0
MinimumVisualStudioVersion = 15.0.26124.0
Project("{FAE04EC0-301F-11D3-BF4B-00C04F79EFBC}") = "quotable.console", "quotable.console\quotable.console.csproj", "{ABCE75E1-94C3-425E-9F5F-A834317D3870}"
EndProject
Project("{FAE04EC0-301F-11D3-BF4B-00C04F79EFBC}") = "quotable.core", "quotable.core\quotable.core.csproj", "{DF079AE1-76A4-4A2B-8AF5-3E388D890F8B}"
EndProject
Project("{FAE04EC0-301F-11D3-BF4B-00C04F79EFBC}") = "quotable.api", "quotable.api\quotable.api.csproj", "{9ADA30F7-16EC-40ED-AD66-BC55B84FE79B}"
EndProject
Global
	GlobalSection(SolutionConfigurationPlatforms) = preSolution
		Debug|Any CPU = Debug|Any CPU
		Debug|x64 = Debug|x64
		Debug|x86 = Debug|x86
		Release|Any CPU = Release|Any CPU
		Release|x64 = Release|x64
		Release|x86 = Release|x86
	EndGlobalSection
	GlobalSection(SolutionProperties) = preSolution
		HideSolutionNode = FALSE
	EndGlobalSection
	GlobalSection(ProjectConfigurationPlatforms) = postSolution
		{ABCE75E1-94C3-425E-9F5F-A834317D3870}.Debug|Any CPU.ActiveCfg = Debug|Any CPU
		{ABCE75E1-94C3-425E-9F5F-A834317D3870}.Debug|Any CPU.Build.0 = Debug|Any CPU
		{ABCE75E1-94C3-425E-9F5F-A834317D3870}.Debug|x64.ActiveCfg = Debug|Any CPU
		{ABCE75E1-94C3-425E-9F5F-A834317D3870}.Debug|x64.Build.0 = Debug|Any CPU
		{ABCE75E1-94C3-425E-9F5F-A834317D3870}.Debug|x86.ActiveCfg = Debug|Any CPU
		{ABCE75E1-94C3-425E-9F5F-A834317D3870}.Debug|x86.Build.0 = Debug|Any CPU
		{ABCE75E1-94C3-425E-9F5F-A834317D3870}.Release|Any CPU.ActiveCfg = Release|Any CPU
		{ABCE75E1-94C3-425E-9F5F-A834317D3870}.Release|Any CPU.Build.0 = Release|Any CPU
		{ABCE75E1-94C3-425E-9F5F-A834317D3870}.Release|x64.ActiveCfg = Release|Any CPU
		{ABCE75E1-94C3-425E-9F5F-A834317D3870}.Release|x64.Build.0 = Release|Any CPU
		{ABCE75E1-94C3-425E-9F5F-A834317D3870}.Release|x86.ActiveCfg = Release|Any CPU
		{ABCE75E1-94C3-425E-9F5F-A834317D3870}.Release|x86.Build.0 = Release|Any CPU
		{DF079AE1-76A4-4A2B-8AF5-3E388D890F8B}.Debug|Any CPU.ActiveCfg = Debug|Any CPU
		{DF079AE1-76A4-4A2B-8AF5-3E388D890F8B}.Debug|Any CPU.Build.0 = Debug|Any CPU
		{DF079AE1-76A4-4A2B-8AF5-3E388D890F8B}.Debug|x64.ActiveCfg = Debug|Any CPU
		{DF079AE1-76A4-4A2B-8AF5-3E388D890F8B}.Debug|x64.Build.0 = Debug|Any CPU
		{DF079AE1-76A4-4A2B-8AF5-3E388D890F8B}.Debug|x86.ActiveCfg = Debug|Any CPU
		{DF079AE1-76A4-4A2B-8AF5-3E388D890F8B}.Debug|x86.Build.0 = Debug|Any CPU
		{DF079AE1-76A4-4A2B-8AF5-3E388D890F8B}.Release|Any CPU.ActiveCfg = Release|Any CPU
		{DF079AE1-76A4-4A2B-8AF5-3E388D890F8B}.Release|Any CPU.Build.0 = Release|Any CPU
		{DF079AE1-76A4-4A2B-8AF5-3E388D890F8B}.Release|x64.ActiveCfg = Release|Any CPU
		{DF079AE1-76A4-4A2B-8AF5-3E388D890F8B}.Release|x64.Build.0 = Release|Any CPU
		{DF079AE1-76A4-4A2B-8AF5-3E388D890F8B}.Release|x86.ActiveCfg = Release|Any CPU
		{DF079AE1-76A4-4A2B-8AF5-3E388D890F8B}.Release|x86.Build.0 = Release|Any CPU
		{9ADA30F7-16EC-40ED-AD66-BC55B84FE79B}.Debug|Any CPU.ActiveCfg = Debug|Any CPU
		{9ADA30F7-16EC-40ED-AD66-BC55B84FE79B}.Debug|Any CPU.Build.0 = Debug|Any CPU
		{9ADA30F7-16EC-40ED-AD66-BC55B84FE79B}.Debug|x64.ActiveCfg = Debug|Any CPU
		{9ADA30F7-16EC-40ED-AD66-BC55B84FE79B}.Debug|x64.Build.0 = Debug|Any CPU
		{9ADA30F7-16EC-40ED-AD66-BC55B84FE79B}.Debug|x86.ActiveCfg = Debug|Any CPU
		{9ADA30F7-16EC-40ED-AD66-BC55B84FE79B}.Debug|x86.Build.0 = Debug|Any CPU
		{9ADA30F7-16EC-40ED-AD66-BC55B84FE79B}.Release|Any CPU.ActiveCfg = Release|Any CPU
		{9ADA30F7-16EC-40ED-AD66-BC55B84FE79B}.Release|Any CPU.Build.0 = Release|Any CPU
		{9ADA30F7-16EC-40ED-AD66-BC55B84FE79B}.Release|x64.ActiveCfg = Release|Any CPU
		{9ADA30F7-16EC-40ED-AD66-BC55B84FE79B}.Release|x64.Build.0 = Release|Any CPU
		{9ADA30F7-16EC-40ED-AD66-BC55B84FE79B}.Release|x86.ActiveCfg = Release|Any CPU
		{9ADA30F7-16EC-40ED-AD66-BC55B84FE79B}.Release|x86.Build.0 = Release|Any CPU
	EndGlobalSection
EndGlobal
